# This file is automatically @generated by Poetry 1.5.0 and should not be changed by hand.

[[package]]
name = "filprofiler"
version = "2023.3.1"
description = "A memory profiler for data batch processing applications."
optional = false
python-versions = ">=3.7"
files = [
    {file = "filprofiler-2023.3.1-cp310-cp310-macosx_10_15_x86_64.whl", hash = "sha256:61be1ba4522d80292abd23c9b5e43f8e43622c992e4e655ebfe91782dbe4f71d"},
    {file = "filprofiler-2023.3.1-cp310-cp310-macosx_11_0_arm64.whl", hash = "sha256:970822f62a19ebb8b868075cfe98567ecf49a21749a141ef6ea69f66b9a9808a"},
    {file = "filprofiler-2023.3.1-cp310-cp310-manylinux_2_17_x86_64.manylinux2014_x86_64.whl", hash = "sha256:4ecc4523e4638a37f656e75fc4525ef90d4bcfb42c2b18273478819c8a4718f4"},
    {file = "filprofiler-2023.3.1-cp311-cp311-macosx_10_15_x86_64.whl", hash = "sha256:ddfccc9eb02365c9784b232d8c87c9aa257a2b280d0c246301d211047dae70d7"},
    {file = "filprofiler-2023.3.1-cp311-cp311-macosx_11_0_arm64.whl", hash = "sha256:89fa7a52e8162c459448cecc29a38c766f3c6bcbeac19628f20989eb3e787833"},
    {file = "filprofiler-2023.3.1-cp311-cp311-manylinux_2_17_x86_64.manylinux2014_x86_64.whl", hash = "sha256:e02db2f5664928170350fcaa9f9b06ba8c11e50c4fef683393f0e32c1cb6a4c5"},
    {file = "filprofiler-2023.3.1-cp37-cp37m-macosx_10_15_x86_64.whl", hash = "sha256:ec9128739fa0195493932eb049a4a21575dc66f1b945c069b55d7ecc5b1250ea"},
    {file = "filprofiler-2023.3.1-cp37-cp37m-manylinux_2_17_x86_64.manylinux2014_x86_64.whl", hash = "sha256:e435787c6c3e4166bbd824c412e6fc6a9fd642e9086389118b70b0d21c5188fb"},
    {file = "filprofiler-2023.3.1-cp38-cp38-macosx_10_15_x86_64.whl", hash = "sha256:fd1c0e325e6756fd0f235fa4bd229ad9b236836655faafc764a3d5c71fa3d5f0"},
    {file = "filprofiler-2023.3.1-cp38-cp38-macosx_11_0_arm64.whl", hash = "sha256:c06cfddfeed5e7bb7cf0efa5664615696c62aa98f6c941285d131bdcd6c3957c"},
    {file = "filprofiler-2023.3.1-cp38-cp38-manylinux_2_17_x86_64.manylinux2014_x86_64.whl", hash = "sha256:11a333bf0de50e243a3c2892314e3b4003408c5d7ccc0cec39a6220cc1f1c281"},
    {file = "filprofiler-2023.3.1-cp39-cp39-macosx_10_15_x86_64.whl", hash = "sha256:74ba57bed56d2bc23b13ab857e9d1ab56d2d2883a064cc905854ff5b998103be"},
    {file = "filprofiler-2023.3.1-cp39-cp39-macosx_11_0_arm64.whl", hash = "sha256:b0b1664404398476dd7688ef8726468dee59f23cc2093089495098578173a007"},
    {file = "filprofiler-2023.3.1-cp39-cp39-manylinux_2_17_x86_64.manylinux2014_x86_64.whl", hash = "sha256:b8243727c5f73a4d1537c8b73ed7b19bf35f2ce82365d37f937de2e2d68043bf"},
]

[package.dependencies]
threadpoolctl = "*"

[package.extras]
dev = ["auditwheel", "black", "blosc", "cython", "flake8", "ipykernel", "ipython", "jinja2 (<3.1)", "nbconvert", "numexpr", "numpy", "pampy", "psutil", "pytest", "towncrier", "twine", "wheel"]

[[package]]
name = "numpy"
version = "1.24.3"
description = "Fundamental package for array computing in Python"
optional = false
python-versions = ">=3.8"
files = [
    {file = "numpy-1.24.3-cp310-cp310-macosx_10_9_x86_64.whl", hash = "sha256:3c1104d3c036fb81ab923f507536daedc718d0ad5a8707c6061cdfd6d184e570"},
    {file = "numpy-1.24.3-cp310-cp310-macosx_11_0_arm64.whl", hash = "sha256:202de8f38fc4a45a3eea4b63e2f376e5f2dc64ef0fa692838e31a808520efaf7"},
    {file = "numpy-1.24.3-cp310-cp310-manylinux_2_17_aarch64.manylinux2014_aarch64.whl", hash = "sha256:8535303847b89aa6b0f00aa1dc62867b5a32923e4d1681a35b5eef2d9591a463"},
    {file = "numpy-1.24.3-cp310-cp310-manylinux_2_17_x86_64.manylinux2014_x86_64.whl", hash = "sha256:2d926b52ba1367f9acb76b0df6ed21f0b16a1ad87c6720a1121674e5cf63e2b6"},
    {file = "numpy-1.24.3-cp310-cp310-win32.whl", hash = "sha256:f21c442fdd2805e91799fbe044a7b999b8571bb0ab0f7850d0cb9641a687092b"},
    {file = "numpy-1.24.3-cp310-cp310-win_amd64.whl", hash = "sha256:ab5f23af8c16022663a652d3b25dcdc272ac3f83c3af4c02eb8b824e6b3ab9d7"},
    {file = "numpy-1.24.3-cp311-cp311-macosx_10_9_x86_64.whl", hash = "sha256:9a7721ec204d3a237225db3e194c25268faf92e19338a35f3a224469cb6039a3"},
    {file = "numpy-1.24.3-cp311-cp311-macosx_11_0_arm64.whl", hash = "sha256:d6cc757de514c00b24ae8cf5c876af2a7c3df189028d68c0cb4eaa9cd5afc2bf"},
    {file = "numpy-1.24.3-cp311-cp311-manylinux_2_17_aarch64.manylinux2014_aarch64.whl", hash = "sha256:76e3f4e85fc5d4fd311f6e9b794d0c00e7002ec122be271f2019d63376f1d385"},
    {file = "numpy-1.24.3-cp311-cp311-manylinux_2_17_x86_64.manylinux2014_x86_64.whl", hash = "sha256:a1d3c026f57ceaad42f8231305d4653d5f05dc6332a730ae5c0bea3513de0950"},
    {file = "numpy-1.24.3-cp311-cp311-win32.whl", hash = "sha256:c91c4afd8abc3908e00a44b2672718905b8611503f7ff87390cc0ac3423fb096"},
    {file = "numpy-1.24.3-cp311-cp311-win_amd64.whl", hash = "sha256:5342cf6aad47943286afa6f1609cad9b4266a05e7f2ec408e2cf7aea7ff69d80"},
    {file = "numpy-1.24.3-cp38-cp38-macosx_10_9_x86_64.whl", hash = "sha256:7776ea65423ca6a15255ba1872d82d207bd1e09f6d0894ee4a64678dd2204078"},
    {file = "numpy-1.24.3-cp38-cp38-macosx_11_0_arm64.whl", hash = "sha256:ae8d0be48d1b6ed82588934aaaa179875e7dc4f3d84da18d7eae6eb3f06c242c"},
    {file = "numpy-1.24.3-cp38-cp38-manylinux_2_17_aarch64.manylinux2014_aarch64.whl", hash = "sha256:ecde0f8adef7dfdec993fd54b0f78183051b6580f606111a6d789cd14c61ea0c"},
    {file = "numpy-1.24.3-cp38-cp38-manylinux_2_17_x86_64.manylinux2014_x86_64.whl", hash = "sha256:4749e053a29364d3452c034827102ee100986903263e89884922ef01a0a6fd2f"},
    {file = "numpy-1.24.3-cp38-cp38-win32.whl", hash = "sha256:d933fabd8f6a319e8530d0de4fcc2e6a61917e0b0c271fded460032db42a0fe4"},
    {file = "numpy-1.24.3-cp38-cp38-win_amd64.whl", hash = "sha256:56e48aec79ae238f6e4395886b5eaed058abb7231fb3361ddd7bfdf4eed54289"},
    {file = "numpy-1.24.3-cp39-cp39-macosx_10_9_x86_64.whl", hash = "sha256:4719d5aefb5189f50887773699eaf94e7d1e02bf36c1a9d353d9f46703758ca4"},
    {file = "numpy-1.24.3-cp39-cp39-macosx_11_0_arm64.whl", hash = "sha256:0ec87a7084caa559c36e0a2309e4ecb1baa03b687201d0a847c8b0ed476a7187"},
    {file = "numpy-1.24.3-cp39-cp39-manylinux_2_17_aarch64.manylinux2014_aarch64.whl", hash = "sha256:ea8282b9bcfe2b5e7d491d0bf7f3e2da29700cec05b49e64d6246923329f2b02"},
    {file = "numpy-1.24.3-cp39-cp39-manylinux_2_17_x86_64.manylinux2014_x86_64.whl", hash = "sha256:210461d87fb02a84ef243cac5e814aad2b7f4be953b32cb53327bb49fd77fbb4"},
    {file = "numpy-1.24.3-cp39-cp39-win32.whl", hash = "sha256:784c6da1a07818491b0ffd63c6bbe5a33deaa0e25a20e1b3ea20cf0e43f8046c"},
    {file = "numpy-1.24.3-cp39-cp39-win_amd64.whl", hash = "sha256:d5036197ecae68d7f491fcdb4df90082b0d4960ca6599ba2659957aafced7c17"},
    {file = "numpy-1.24.3-pp38-pypy38_pp73-macosx_10_9_x86_64.whl", hash = "sha256:352ee00c7f8387b44d19f4cada524586f07379c0d49270f87233983bc5087ca0"},
    {file = "numpy-1.24.3-pp38-pypy38_pp73-manylinux_2_17_x86_64.manylinux2014_x86_64.whl", hash = "sha256:1a7d6acc2e7524c9955e5c903160aa4ea083736fde7e91276b0e5d98e6332812"},
    {file = "numpy-1.24.3-pp38-pypy38_pp73-win_amd64.whl", hash = "sha256:35400e6a8d102fd07c71ed7dcadd9eb62ee9a6e84ec159bd48c28235bbb0f8e4"},
    {file = "numpy-1.24.3.tar.gz", hash = "sha256:ab344f1bf21f140adab8e47fdbc7c35a477dc01408791f8ba00d018dd0bc5155"},
]

[[package]]
name = "pyinstrument"
version = "4.4.0"
description = "Call stack profiler for Python. Shows you why your code is slow!"
optional = false
python-versions = ">=3.7"
files = [
    {file = "pyinstrument-4.4.0-cp310-cp310-macosx_10_9_universal2.whl", hash = "sha256:8874f8f58cfcb1ff134dc8e4a2b31ab9175adb271a4423596ed7ac8183592cf8"},
    {file = "pyinstrument-4.4.0-cp310-cp310-macosx_10_9_x86_64.whl", hash = "sha256:e5f4d6e1c395f259f67a923a9c54dc3eaccd5f02540598da4f865c4bb3545762"},
    {file = "pyinstrument-4.4.0-cp310-cp310-manylinux_2_17_aarch64.manylinux2014_aarch64.whl", hash = "sha256:d70fed48ddd0078e287fb580daaeede4d8703a9edc8bf4f703308a77920bac37"},
    {file = "pyinstrument-4.4.0-cp310-cp310-manylinux_2_5_i686.manylinux1_i686.manylinux_2_17_i686.manylinux2014_i686.whl", hash = "sha256:9fda1bd596e81ecd2b6a976eb9b930a757a5dd04071583d0141d059e34eed83f"},
    {file = "pyinstrument-4.4.0-cp310-cp310-manylinux_2_5_x86_64.manylinux1_x86_64.manylinux_2_17_x86_64.manylinux2014_x86_64.whl", hash = "sha256:2f57b61d39d3b1a4d773da16baa8456aa66102d6016ce1f39817051550cbe47e"},
    {file = "pyinstrument-4.4.0-cp310-cp310-musllinux_1_1_aarch64.whl", hash = "sha256:5a9aead0ca5579473f66fed4c449c693feee464802b5ba9b98772e64e02c575c"},
    {file = "pyinstrument-4.4.0-cp310-cp310-musllinux_1_1_i686.whl", hash = "sha256:375a340c3fbebd922a35b0834de1c82d1b4fea681df49f99729439a6cb5e6ad4"},
    {file = "pyinstrument-4.4.0-cp310-cp310-musllinux_1_1_x86_64.whl", hash = "sha256:b9cbaf3bcda5ad9af4c9a7bf4f1b8f15bb32c4cadf554d0a2c723892c898021b"},
    {file = "pyinstrument-4.4.0-cp310-cp310-win32.whl", hash = "sha256:97cbeb5f5a048dc6eb047495f73db90c9e2ec97606e65298c7ea2c61fa52de38"},
    {file = "pyinstrument-4.4.0-cp310-cp310-win_amd64.whl", hash = "sha256:73edbce7fda1b3d8cab0b6c39c43b012167d783c072f40928600c3357d1a5dc5"},
    {file = "pyinstrument-4.4.0-cp311-cp311-macosx_10_9_universal2.whl", hash = "sha256:7db8cb55182883be48520eb915bd1769f176a4813ce0cc38243aa2d1182e7ce7"},
    {file = "pyinstrument-4.4.0-cp311-cp311-macosx_10_9_x86_64.whl", hash = "sha256:7c614e2c241fb558a25973019ff43ce027ba4958bcb87383f0b0789af9c4d03b"},
    {file = "pyinstrument-4.4.0-cp311-cp311-manylinux_2_17_aarch64.manylinux2014_aarch64.whl", hash = "sha256:3c012422c851f0457c3cb82d8b1259d96fa0dcddc0f1e8bf4d97f0b2efe54485"},
    {file = "pyinstrument-4.4.0-cp311-cp311-manylinux_2_5_i686.manylinux1_i686.manylinux_2_17_i686.manylinux2014_i686.whl", hash = "sha256:e4f5ad100710dda68f9f345961780bf4f0cbb9fd3e46295d099bb9ad65b179ea"},
    {file = "pyinstrument-4.4.0-cp311-cp311-manylinux_2_5_x86_64.manylinux1_x86_64.manylinux_2_17_x86_64.manylinux2014_x86_64.whl", hash = "sha256:9a4a053cd67102c6fcc313366ea6be97cfce7eae2b9e57e62c9be8adbbdebc17"},
    {file = "pyinstrument-4.4.0-cp311-cp311-musllinux_1_1_aarch64.whl", hash = "sha256:1d2a1e53615c8ef210286e4d2d93be0d3e8296995b090df29a0b7ddeae5d874b"},
    {file = "pyinstrument-4.4.0-cp311-cp311-musllinux_1_1_i686.whl", hash = "sha256:b2a6609ef74ad8ba292a11fbd975660bc86466c7eaab1ff11360d24e0300800b"},
    {file = "pyinstrument-4.4.0-cp311-cp311-musllinux_1_1_x86_64.whl", hash = "sha256:3643084ee8ad22d9ea2adb13d65d4b6e18810113e4176b19d026a011957f8c7c"},
    {file = "pyinstrument-4.4.0-cp311-cp311-win32.whl", hash = "sha256:fcd717910a8ab6deca353aded890403bbaea14a6dd99a87c3367f24721d2d6aa"},
    {file = "pyinstrument-4.4.0-cp311-cp311-win_amd64.whl", hash = "sha256:be9ac54a4dd07d969d5941e4dcba67d5aef5f6826f43b9ddda65553816f6abca"},
    {file = "pyinstrument-4.4.0-cp37-cp37m-macosx_10_9_x86_64.whl", hash = "sha256:39584c0fec147e3bbfa7b28454332f9801af5f93331f4143f24a4b0f9e3cb470"},
    {file = "pyinstrument-4.4.0-cp37-cp37m-manylinux_2_17_aarch64.manylinux2014_aarch64.whl", hash = "sha256:5491a5cb3ae5e88436d48b4b3de8328286e843e7307116dc2cca397c9c2ffe21"},
    {file = "pyinstrument-4.4.0-cp37-cp37m-manylinux_2_5_i686.manylinux1_i686.manylinux_2_17_i686.manylinux2014_i686.whl", hash = "sha256:d66fcc94f0ebaab6bcbbdfa2482f833dd634352a20295616ea45286e990f7446"},
    {file = "pyinstrument-4.4.0-cp37-cp37m-manylinux_2_5_x86_64.manylinux1_x86_64.manylinux_2_17_x86_64.manylinux2014_x86_64.whl", hash = "sha256:b72bde0b1a03d1b2dc9b9d79546f551df6f67673cca816614e98ea0aebd3bc50"},
    {file = "pyinstrument-4.4.0-cp37-cp37m-musllinux_1_1_aarch64.whl", hash = "sha256:0bbd169b92147ec5d67ed160c300dda504059cfd81e953ed5b059e8ef92bb482"},
    {file = "pyinstrument-4.4.0-cp37-cp37m-musllinux_1_1_i686.whl", hash = "sha256:e5233022ba511ef7ecfef2e07d162c0817048c995f0940f9aa2f6a1936afcb9c"},
    {file = "pyinstrument-4.4.0-cp37-cp37m-musllinux_1_1_x86_64.whl", hash = "sha256:5e750fc3afb9acc288ad84b183a5ccd863e9185c435b445fcc62e0c133af9b7f"},
    {file = "pyinstrument-4.4.0-cp37-cp37m-win32.whl", hash = "sha256:2d131b98f116fb895d759dfb8c1078e0e9fa8987a9f44f566d29221545f75bd4"},
    {file = "pyinstrument-4.4.0-cp37-cp37m-win_amd64.whl", hash = "sha256:de83152bafc9eed4e5469e340b6002be825151f0654c32bbb9a3a7e31708d227"},
    {file = "pyinstrument-4.4.0-cp38-cp38-macosx_10_9_universal2.whl", hash = "sha256:a7c774c4b8df21664b082d3e72fa8cbc0631fe9bb222bb9d285ccfe9cd9b4909"},
    {file = "pyinstrument-4.4.0-cp38-cp38-macosx_10_9_x86_64.whl", hash = "sha256:7526f0b1dab721ddc19920fa1f4eeaa5bcb658a4d18ac9c50868e84f911f794b"},
    {file = "pyinstrument-4.4.0-cp38-cp38-manylinux_2_17_aarch64.manylinux2014_aarch64.whl", hash = "sha256:59f5f479db277b3dbeb0c6843a7e9a38ee8b7c23d75b9ef764d96cb522d96212"},
    {file = "pyinstrument-4.4.0-cp38-cp38-manylinux_2_5_i686.manylinux1_i686.manylinux_2_17_i686.manylinux2014_i686.whl", hash = "sha256:ffeeaa0d036a8bef31da6fc13c4ea097160f913d86319897314113bb9271af4c"},
    {file = "pyinstrument-4.4.0-cp38-cp38-manylinux_2_5_x86_64.manylinux1_x86_64.manylinux_2_17_x86_64.manylinux2014_x86_64.whl", hash = "sha256:bfc4e2fd670a570ea847f6897283d10d4b9606170e491f01b75488ed1aa37a81"},
    {file = "pyinstrument-4.4.0-cp38-cp38-musllinux_1_1_aarch64.whl", hash = "sha256:ffd9a9fa73fd83a40252430c6ebf8dfff7c668cc68eab4a92562b8b27c302598"},
    {file = "pyinstrument-4.4.0-cp38-cp38-musllinux_1_1_i686.whl", hash = "sha256:09167ece8802bc03a63e97536dcefd9c1a340dae686f40914cf995099bc0d0af"},
    {file = "pyinstrument-4.4.0-cp38-cp38-musllinux_1_1_x86_64.whl", hash = "sha256:9e7d1cc3affef4a7e4695bb87c6cfcd577e2dac508624a91481f24217ef78c57"},
    {file = "pyinstrument-4.4.0-cp38-cp38-win32.whl", hash = "sha256:b50cf50513a5318738c3c7147f02596cda4891089acf2f627bb65954fc5bcbfd"},
    {file = "pyinstrument-4.4.0-cp38-cp38-win_amd64.whl", hash = "sha256:dd9625cf136eb6684d9ca555a5088f21a7ac6c6cb2ece3ae45d09772906ceba8"},
    {file = "pyinstrument-4.4.0-cp39-cp39-macosx_10_9_universal2.whl", hash = "sha256:a8afee175335005d2964848b77579bfc18f011ea74b59b79ab6d5b35433bf3e3"},
    {file = "pyinstrument-4.4.0-cp39-cp39-macosx_10_9_x86_64.whl", hash = "sha256:ebc63b70845e3a44b673f7dcdc78ac2c475684db41b0402eea370f194da2a287"},
    {file = "pyinstrument-4.4.0-cp39-cp39-manylinux_2_17_aarch64.manylinux2014_aarch64.whl", hash = "sha256:bb89033e41e74dc2ac4fd882269e91ddf677588efa665d2be8b718e96ea4cec6"},
    {file = "pyinstrument-4.4.0-cp39-cp39-manylinux_2_5_i686.manylinux1_i686.manylinux_2_17_i686.manylinux2014_i686.whl", hash = "sha256:9b2bcd803d273c8addf01eaf75a42ae0a2a9196a58fb0ebb8d29be75abb88701"},
    {file = "pyinstrument-4.4.0-cp39-cp39-manylinux_2_5_x86_64.manylinux1_x86_64.manylinux_2_17_x86_64.manylinux2014_x86_64.whl", hash = "sha256:50727b686a0961a11eba2fe6205d0899f3479c983bcf34abb114d6da70bc1b93"},
    {file = "pyinstrument-4.4.0-cp39-cp39-musllinux_1_1_aarch64.whl", hash = "sha256:4f07941bb5dd5cd730fc84eef6497ef9f0807c686e68d0c6b1f464589646a3b7"},
    {file = "pyinstrument-4.4.0-cp39-cp39-musllinux_1_1_i686.whl", hash = "sha256:30f5ce299c3219559870117c5b0825f33243808be375be9c3525572ba050c2db"},
    {file = "pyinstrument-4.4.0-cp39-cp39-musllinux_1_1_x86_64.whl", hash = "sha256:9a13c75b24bf8eed5a4356ffa8a419cc534284a529f2b314f3e10275a820420f"},
    {file = "pyinstrument-4.4.0-cp39-cp39-win32.whl", hash = "sha256:e5583b0d23f87631af06bb9f3c184190c889c194b02553eed132de966324bdf9"},
    {file = "pyinstrument-4.4.0-cp39-cp39-win_amd64.whl", hash = "sha256:a19784a898133b7e0ffe4489155bacd2d07ec48ea059f9bf50033dc2b814c273"},
    {file = "pyinstrument-4.4.0.tar.gz", hash = "sha256:be34a2e8118c14a616a64538e02430d9099d5d67d8a370f2888e4ac71e52bbb7"},
]

[package.extras]
jupyter = ["ipython"]

[[package]]
name = "threadpoolctl"
version = "3.1.0"
description = "threadpoolctl"
optional = false
python-versions = ">=3.6"
files = [
    {file = "threadpoolctl-3.1.0-py3-none-any.whl", hash = "sha256:8b99adda265feb6773280df41eece7b2e6561b772d21ffd52e372f999024907b"},
    {file = "threadpoolctl-3.1.0.tar.gz", hash = "sha256:a335baacfaa4400ae1f0d8e3a58d6674d2f8828e3716bb2802c44955ad391380"},
]

[metadata]
lock-version = "2.0"
python-versions = "^3.10"
content-hash = "d8e6a9e9346bc8942d9ef01a35fa1a8bb3b4a55291c9bb05019fd7e353178863"
